// !$*UTF8*$!
{
	archiveVersion = 1;
	classes = {
	};
	objectVersion = 52;
	objects = {

/* Begin PBXBuildFile section */
		2C010BCC252692B400C38786 /* ListOfRestaurantView.swift in Sources */ = {isa = PBXBuildFile; fileRef = 2C010BCB252692B400C38786 /* ListOfRestaurantView.swift */; };
		2C012399251162D10045BF79 /* AppDelegate.swift in Sources */ = {isa = PBXBuildFile; fileRef = 2C012398251162D10045BF79 /* AppDelegate.swift */; };
		2C01239B251162D10045BF79 /* SceneDelegate.swift in Sources */ = {isa = PBXBuildFile; fileRef = 2C01239A251162D10045BF79 /* SceneDelegate.swift */; };
		2C01239D251162D10045BF79 /* ContentView.swift in Sources */ = {isa = PBXBuildFile; fileRef = 2C01239C251162D10045BF79 /* ContentView.swift */; };
		2C01239F251162D20045BF79 /* Assets.xcassets in Resources */ = {isa = PBXBuildFile; fileRef = 2C01239E251162D20045BF79 /* Assets.xcassets */; };
		2C0123A2251162D20045BF79 /* Preview Assets.xcassets in Resources */ = {isa = PBXBuildFile; fileRef = 2C0123A1251162D20045BF79 /* Preview Assets.xcassets */; };
		2C0123A5251162D20045BF79 /* LaunchScreen.storyboard in Resources */ = {isa = PBXBuildFile; fileRef = 2C0123A3251162D20045BF79 /* LaunchScreen.storyboard */; };
		2C196668251808E300467D91 /* SplitLine.swift in Sources */ = {isa = PBXBuildFile; fileRef = 2C196667251808E300467D91 /* SplitLine.swift */; };
		2C196673251810AE00467D91 /* model.swift in Sources */ = {isa = PBXBuildFile; fileRef = 2C196672251810AE00467D91 /* model.swift */; };
		2C1966772518389900467D91 /* ArcWheel.swift in Sources */ = {isa = PBXBuildFile; fileRef = 2C1966762518389900467D91 /* ArcWheel.swift */; };
		2C96E0A32512E5FF000BAE41 /* Wheel.swift in Sources */ = {isa = PBXBuildFile; fileRef = 2C96E0A22512E5FF000BAE41 /* Wheel.swift */; };
		2CA8EC2A251C836C00508242 /* SettingsPage.swift in Sources */ = {isa = PBXBuildFile; fileRef = 2C19666B25180F6100467D91 /* SettingsPage.swift */; };
		2CAA0769255CDCF900F1C8B4 /* businesses.graphql in Resources */ = {isa = PBXBuildFile; fileRef = 2CAA0768255CDCF900F1C8B4 /* businesses.graphql */; };
		2CAA076C255CDD0100F1C8B4 /* API.swift in Sources */ = {isa = PBXBuildFile; fileRef = 2CAA076B255CDD0100F1C8B4 /* API.swift */; };
		2CAA0770255CDED800F1C8B4 /* Apollo in Frameworks */ = {isa = PBXBuildFile; productRef = 2CAA076F255CDED800F1C8B4 /* Apollo */; };
/* End PBXBuildFile section */

/* Begin PBXFileReference section */
		2C010BCB252692B400C38786 /* ListOfRestaurantView.swift */ = {isa = PBXFileReference; lastKnownFileType = sourcecode.swift; path = ListOfRestaurantView.swift; sourceTree = "<group>"; };
		2C012395251162D10045BF79 /* FoodWheel.app */ = {isa = PBXFileReference; explicitFileType = wrapper.application; includeInIndex = 0; path = FoodWheel.app; sourceTree = BUILT_PRODUCTS_DIR; };
		2C012398251162D10045BF79 /* AppDelegate.swift */ = {isa = PBXFileReference; lastKnownFileType = sourcecode.swift; path = AppDelegate.swift; sourceTree = "<group>"; };
		2C01239A251162D10045BF79 /* SceneDelegate.swift */ = {isa = PBXFileReference; lastKnownFileType = sourcecode.swift; path = SceneDelegate.swift; sourceTree = "<group>"; };
		2C01239C251162D10045BF79 /* ContentView.swift */ = {isa = PBXFileReference; lastKnownFileType = sourcecode.swift; path = ContentView.swift; sourceTree = "<group>"; usesTabs = 0; };
		2C01239E251162D20045BF79 /* Assets.xcassets */ = {isa = PBXFileReference; lastKnownFileType = folder.assetcatalog; path = Assets.xcassets; sourceTree = "<group>"; };
		2C0123A1251162D20045BF79 /* Preview Assets.xcassets */ = {isa = PBXFileReference; lastKnownFileType = folder.assetcatalog; path = "Preview Assets.xcassets"; sourceTree = "<group>"; };
		2C0123A4251162D20045BF79 /* Base */ = {isa = PBXFileReference; lastKnownFileType = file.storyboard; name = Base; path = Base.lproj/LaunchScreen.storyboard; sourceTree = "<group>"; };
		2C0123A6251162D20045BF79 /* Info.plist */ = {isa = PBXFileReference; lastKnownFileType = text.plist.xml; path = Info.plist; sourceTree = "<group>"; };
		2C196667251808E300467D91 /* SplitLine.swift */ = {isa = PBXFileReference; lastKnownFileType = sourcecode.swift; path = SplitLine.swift; sourceTree = "<group>"; };
		2C19666B25180F6100467D91 /* SettingsPage.swift */ = {isa = PBXFileReference; lastKnownFileType = sourcecode.swift; path = SettingsPage.swift; sourceTree = "<group>"; };
		2C196672251810AE00467D91 /* model.swift */ = {isa = PBXFileReference; lastKnownFileType = sourcecode.swift; path = model.swift; sourceTree = "<group>"; };
		2C1966762518389900467D91 /* ArcWheel.swift */ = {isa = PBXFileReference; lastKnownFileType = sourcecode.swift; path = ArcWheel.swift; sourceTree = "<group>"; };
		2C96E0A22512E5FF000BAE41 /* Wheel.swift */ = {isa = PBXFileReference; lastKnownFileType = sourcecode.swift; path = Wheel.swift; sourceTree = "<group>"; };
		2CAA0768255CDCF900F1C8B4 /* businesses.graphql */ = {isa = PBXFileReference; lastKnownFileType = text; path = businesses.graphql; sourceTree = "<group>"; };
		2CAA076B255CDD0100F1C8B4 /* API.swift */ = {isa = PBXFileReference; lastKnownFileType = sourcecode.swift; path = API.swift; sourceTree = "<group>"; };
/* End PBXFileReference section */

/* Begin PBXFrameworksBuildPhase section */
		2C012392251162D10045BF79 /* Frameworks */ = {
			isa = PBXFrameworksBuildPhase;
			buildActionMask = 2147483647;
			files = (
				2CAA0770255CDED800F1C8B4 /* Apollo in Frameworks */,
			);
			runOnlyForDeploymentPostprocessing = 0;
		};
/* End PBXFrameworksBuildPhase section */

/* Begin PBXGroup section */
		2C01238C251162D10045BF79 = {
			isa = PBXGroup;
			children = (
				2C012397251162D10045BF79 /* FoodWheel */,
				2C012396251162D10045BF79 /* Products */,
			);
			sourceTree = "<group>";
		};
		2C012396251162D10045BF79 /* Products */ = {
			isa = PBXGroup;
			children = (
				2C012395251162D10045BF79 /* FoodWheel.app */,
			);
			name = Products;
			sourceTree = "<group>";
		};
		2C012397251162D10045BF79 /* FoodWheel */ = {
			isa = PBXGroup;
			children = (
				2CAA0762255CDBE100F1C8B4 /* GraphQL */,
				2C0A95D7255CECE800027728 /* Views */,
				2C196672251810AE00467D91 /* model.swift */,
				2C01239E251162D20045BF79 /* Assets.xcassets */,
				2C0123A3251162D20045BF79 /* LaunchScreen.storyboard */,
				2C0123A6251162D20045BF79 /* Info.plist */,
				2C0123A0251162D20045BF79 /* Preview Content */,
			);
			path = FoodWheel;
			sourceTree = "<group>";
		};
		2C0123A0251162D20045BF79 /* Preview Content */ = {
			isa = PBXGroup;
			children = (
				2C0123A1251162D20045BF79 /* Preview Assets.xcassets */,
			);
			path = "Preview Content";
			sourceTree = "<group>";
		};
		2C0A95D7255CECE800027728 /* Views */ = {
			isa = PBXGroup;
			children = (
				2C012398251162D10045BF79 /* AppDelegate.swift */,
				2C01239A251162D10045BF79 /* SceneDelegate.swift */,
				2C01239C251162D10045BF79 /* ContentView.swift */,
				2C96E0A22512E5FF000BAE41 /* Wheel.swift */,
				2C19666B25180F6100467D91 /* SettingsPage.swift */,
				2C196667251808E300467D91 /* SplitLine.swift */,
				2C1966762518389900467D91 /* ArcWheel.swift */,
				2C010BCB252692B400C38786 /* ListOfRestaurantView.swift */,
			);
			path = Views;
			sourceTree = "<group>";
		};
		2CAA0762255CDBE100F1C8B4 /* GraphQL */ = {
			isa = PBXGroup;
			children = (
				2CAA0768255CDCF900F1C8B4 /* businesses.graphql */,
				2CAA076B255CDD0100F1C8B4 /* API.swift */,
			);
			path = GraphQL;
			sourceTree = "<group>";
		};
/* End PBXGroup section */

/* Begin PBXNativeTarget section */
		2C012394251162D10045BF79 /* FoodWheel */ = {
			isa = PBXNativeTarget;
			buildConfigurationList = 2C0123A9251162D20045BF79 /* Build configuration list for PBXNativeTarget "FoodWheel" */;
			buildPhases = (
				2C012391251162D10045BF79 /* Sources */,
				2C012392251162D10045BF79 /* Frameworks */,
				2C012393251162D10045BF79 /* Resources */,
				2C7F1D64255CE15400242193 /* ShellScript */,
			);
			buildRules = (
			);
			dependencies = (
			);
			name = FoodWheel;
			packageProductDependencies = (
				2CAA076F255CDED800F1C8B4 /* Apollo */,
			);
			productName = FoodWheel;
			productReference = 2C012395251162D10045BF79 /* FoodWheel.app */;
			productType = "com.apple.product-type.application";
		};
/* End PBXNativeTarget section */

/* Begin PBXProject section */
		2C01238D251162D10045BF79 /* Project object */ = {
			isa = PBXProject;
			attributes = {
				LastSwiftUpdateCheck = 1160;
				LastUpgradeCheck = 1200;
				ORGANIZATIONNAME = "Pokming Sheung";
				TargetAttributes = {
					2C012394251162D10045BF79 = {
						CreatedOnToolsVersion = 11.6;
					};
				};
			};
			buildConfigurationList = 2C012390251162D10045BF79 /* Build configuration list for PBXProject "FoodWheel" */;
			compatibilityVersion = "Xcode 9.3";
			developmentRegion = en;
			hasScannedForEncodings = 0;
			knownRegions = (
				en,
				Base,
			);
			mainGroup = 2C01238C251162D10045BF79;
			packageReferences = (
				2CAA076E255CDED800F1C8B4 /* XCRemoteSwiftPackageReference "apollo-ios" */,
			);
			productRefGroup = 2C012396251162D10045BF79 /* Products */;
			projectDirPath = "";
			projectRoot = "";
			targets = (
				2C012394251162D10045BF79 /* FoodWheel */,
			);
		};
/* End PBXProject section */

/* Begin PBXResourcesBuildPhase section */
		2C012393251162D10045BF79 /* Resources */ = {
			isa = PBXResourcesBuildPhase;
			buildActionMask = 2147483647;
			files = (
				2C0123A5251162D20045BF79 /* LaunchScreen.storyboard in Resources */,
				2C0123A2251162D20045BF79 /* Preview Assets.xcassets in Resources */,
				2C01239F251162D20045BF79 /* Assets.xcassets in Resources */,
				2CAA0769255CDCF900F1C8B4 /* businesses.graphql in Resources */,
			);
			runOnlyForDeploymentPostprocessing = 0;
		};
/* End PBXResourcesBuildPhase section */

/* Begin PBXShellScriptBuildPhase section */
		2C7F1D64255CE15400242193 /* ShellScript */ = {
			isa = PBXShellScriptBuildPhase;
			buildActionMask = 2147483647;
			files = (
			);
			inputFileListPaths = (
			);
			inputPaths = (
			);
			outputFileListPaths = (
			);
			outputPaths = (
			);
			runOnlyForDeploymentPostprocessing = 0;
			shellPath = /bin/sh;
			shellScript = "# Type a script or drag a script file from your workspace to insert its path.\ncd \"${SRCROOT}\"/Codegen\nxcrun -sdk macosx swift run\n";
		};
/* End PBXShellScriptBuildPhase section */

/* Begin PBXSourcesBuildPhase section */
		2C012391251162D10045BF79 /* Sources */ = {
			isa = PBXSourcesBuildPhase;
			buildActionMask = 2147483647;
			files = (
				2C010BCC252692B400C38786 /* ListOfRestaurantView.swift in Sources */,
				2C012399251162D10045BF79 /* AppDelegate.swift in Sources */,
				2C196668251808E300467D91 /* SplitLine.swift in Sources */,
				2C01239B251162D10045BF79 /* SceneDelegate.swift in Sources */,
				2CAA076C255CDD0100F1C8B4 /* API.swift in Sources */,
				2CA8EC2A251C836C00508242 /* SettingsPage.swift in Sources */,
				2C1966772518389900467D91 /* ArcWheel.swift in Sources */,
				2C01239D251162D10045BF79 /* ContentView.swift in Sources */,
				2C196673251810AE00467D91 /* model.swift in Sources */,
				2C96E0A32512E5FF000BAE41 /* Wheel.swift in Sources */,
			);
			runOnlyForDeploymentPostprocessing = 0;
		};
/* End PBXSourcesBuildPhase section */

/* Begin PBXVariantGroup section */
		2C0123A3251162D20045BF79 /* LaunchScreen.storyboard */ = {
			isa = PBXVariantGroup;
			children = (
				2C0123A4251162D20045BF79 /* Base */,
			);
			name = LaunchScreen.storyboard;
			sourceTree = "<group>";
		};
/* End PBXVariantGroup section */

/* Begin XCBuildConfiguration section */
		2C0123A7251162D20045BF79 /* Debug */ = {
			isa = XCBuildConfiguration;
			buildSettings = {
				ALWAYS_SEARCH_USER_PATHS = NO;
				CLANG_ANALYZER_NONNULL = YES;
				CLANG_ANALYZER_NUMBER_OBJECT_CONVERSION = YES_AGGRESSIVE;
				CLANG_CXX_LANGUAGE_STANDARD = "gnu++14";
				CLANG_CXX_LIBRARY = "libc++";
				CLANG_ENABLE_MODULES = YES;
				CLANG_ENABLE_OBJC_ARC = YES;
				CLANG_ENABLE_OBJC_WEAK = YES;
				CLANG_WARN_BLOCK_CAPTURE_AUTORELEASING = YES;
				CLANG_WARN_BOOL_CONVERSION = YES;
				CLANG_WARN_COMMA = YES;
				CLANG_WARN_CONSTANT_CONVERSION = YES;
				CLANG_WARN_DEPRECATED_OBJC_IMPLEMENTATIONS = YES;
				CLANG_WARN_DIRECT_OBJC_ISA_USAGE = YES_ERROR;
				CLANG_WARN_DOCUMENTATION_COMMENTS = YES;
				CLANG_WARN_EMPTY_BODY = YES;
				CLANG_WARN_ENUM_CONVERSION = YES;
				CLANG_WARN_INFINITE_RECURSION = YES;
				CLANG_WARN_INT_CONVERSION = YES;
				CLANG_WARN_NON_LITERAL_NULL_CONVERSION = YES;
				CLANG_WARN_OBJC_IMPLICIT_RETAIN_SELF = YES;
				CLANG_WARN_OBJC_LITERAL_CONVERSION = YES;
				CLANG_WARN_OBJC_ROOT_CLASS = YES_ERROR;
				CLANG_WARN_QUOTED_INCLUDE_IN_FRAMEWORK_HEADER = YES;
				CLANG_WARN_RANGE_LOOP_ANALYSIS = YES;
				CLANG_WARN_STRICT_PROTOTYPES = YES;
				CLANG_WARN_SUSPICIOUS_MOVE = YES;
				CLANG_WARN_UNGUARDED_AVAILABILITY = YES_AGGRESSIVE;
				CLANG_WARN_UNREACHABLE_CODE = YES;
				CLANG_WARN__DUPLICATE_METHOD_MATCH = YES;
				COPY_PHASE_STRIP = NO;
				DEBUG_INFORMATION_FORMAT = dwarf;
				ENABLE_STRICT_OBJC_MSGSEND = YES;
				ENABLE_TESTABILITY = YES;
				GCC_C_LANGUAGE_STANDARD = gnu11;
				GCC_DYNAMIC_NO_PIC = NO;
				GCC_NO_COMMON_BLOCKS = YES;
				GCC_OPTIMIZATION_LEVEL = 0;
				GCC_PREPROCESSOR_DEFINITIONS = (
					"DEBUG=1",
					"$(inherited)",
				);
				GCC_WARN_64_TO_32_BIT_CONVERSION = YES;
				GCC_WARN_ABOUT_RETURN_TYPE = YES_ERROR;
				GCC_WARN_UNDECLARED_SELECTOR = YES;
				GCC_WARN_UNINITIALIZED_AUTOS = YES_AGGRESSIVE;
				GCC_WARN_UNUSED_FUNCTION = YES;
				GCC_WARN_UNUSED_VARIABLE = YES;
				IPHONEOS_DEPLOYMENT_TARGET = 14.0;
				MTL_ENABLE_DEBUG_INFO = INCLUDE_SOURCE;
				MTL_FAST_MATH = YES;
				ONLY_ACTIVE_ARCH = YES;
				SDKROOT = iphoneos;
				SWIFT_ACTIVE_COMPILATION_CONDITIONS = DEBUG;
				SWIFT_OPTIMIZATION_LEVEL = "-Onone";
			};
			name = Debug;
		};
		2C0123A8251162D20045BF79 /* Release */ = {
			isa = XCBuildConfiguration;
			buildSettings = {
				ALWAYS_SEARCH_USER_PATHS = NO;
				CLANG_ANALYZER_NONNULL = YES;
				CLANG_ANALYZER_NUMBER_OBJECT_CONVERSION = YES_AGGRESSIVE;
				CLANG_CXX_LANGUAGE_STANDARD = "gnu++14";
				CLANG_CXX_LIBRARY = "libc++";
				CLANG_ENABLE_MODULES = YES;
				CLANG_ENABLE_OBJC_ARC = YES;
				CLANG_ENABLE_OBJC_WEAK = YES;
				CLANG_WARN_BLOCK_CAPTURE_AUTORELEASING = YES;
				CLANG_WARN_BOOL_CONVERSION = YES;
				CLANG_WARN_COMMA = YES;
				CLANG_WARN_CONSTANT_CONVERSION = YES;
				CLANG_WARN_DEPRECATED_OBJC_IMPLEMENTATIONS = YES;
				CLANG_WARN_DIRECT_OBJC_ISA_USAGE = YES_ERROR;
				CLANG_WARN_DOCUMENTATION_COMMENTS = YES;
				CLANG_WARN_EMPTY_BODY = YES;
				CLANG_WARN_ENUM_CONVERSION = YES;
				CLANG_WARN_INFINITE_RECURSION = YES;
				CLANG_WARN_INT_CONVERSION = YES;
				CLANG_WARN_NON_LITERAL_NULL_CONVERSION = YES;
				CLANG_WARN_OBJC_IMPLICIT_RETAIN_SELF = YES;
				CLANG_WARN_OBJC_LITERAL_CONVERSION = YES;
				CLANG_WARN_OBJC_ROOT_CLASS = YES_ERROR;
				CLANG_WARN_QUOTED_INCLUDE_IN_FRAMEWORK_HEADER = YES;
				CLANG_WARN_RANGE_LOOP_ANALYSIS = YES;
				CLANG_WARN_STRICT_PROTOTYPES = YES;
				CLANG_WARN_SUSPICIOUS_MOVE = YES;
				CLANG_WARN_UNGUARDED_AVAILABILITY = YES_AGGRESSIVE;
				CLANG_WARN_UNREACHABLE_CODE = YES;
				CLANG_WARN__DUPLICATE_METHOD_MATCH = YES;
				COPY_PHASE_STRIP = NO;
				DEBUG_INFORMATION_FORMAT = "dwarf-with-dsym";
				ENABLE_NS_ASSERTIONS = NO;
				ENABLE_STRICT_OBJC_MSGSEND = YES;
				GCC_C_LANGUAGE_STANDARD = gnu11;
				GCC_NO_COMMON_BLOCKS = YES;
				GCC_WARN_64_TO_32_BIT_CONVERSION = YES;
				GCC_WARN_ABOUT_RETURN_TYPE = YES_ERROR;
				GCC_WARN_UNDECLARED_SELECTOR = YES;
				GCC_WARN_UNINITIALIZED_AUTOS = YES_AGGRESSIVE;
				GCC_WARN_UNUSED_FUNCTION = YES;
				GCC_WARN_UNUSED_VARIABLE = YES;
				IPHONEOS_DEPLOYMENT_TARGET = 14.0;
				MTL_ENABLE_DEBUG_INFO = NO;
				MTL_FAST_MATH = YES;
				SDKROOT = iphoneos;
				SWIFT_COMPILATION_MODE = wholemodule;
				SWIFT_OPTIMIZATION_LEVEL = "-O";
				VALIDATE_PRODUCT = YES;
			};
			name = Release;
		};
		2C0123AA251162D20045BF79 /* Debug */ = {
			isa = XCBuildConfiguration;
			buildSettings = {
				ASSETCATALOG_COMPILER_APPICON_NAME = AppIcon;
				CODE_SIGN_STYLE = Automatic;
				DEVELOPMENT_ASSET_PATHS = "\"FoodWheel/Preview Content\"";
				DEVELOPMENT_TEAM = A5J8C29B83;
				ENABLE_PREVIEWS = YES;
				INFOPLIST_FILE = FoodWheel/Info.plist;
				LD_RUNPATH_SEARCH_PATHS = (
					"$(inherited)",
					"@executable_path/Frameworks",
				);
				PRODUCT_BUNDLE_IDENTIFIER = eddie.FoodWheel;
				PRODUCT_NAME = "$(TARGET_NAME)";
				SWIFT_VERSION = 5.0;
				TARGETED_DEVICE_FAMILY = "1,2";
			};
			name = Debug;
		};
		2C0123AB251162D20045BF79 /* Release */ = {
			isa = XCBuildConfiguration;
			buildSettings = {
				ASSETCATALOG_COMPILER_APPICON_NAME = AppIcon;
				CODE_SIGN_STYLE = Automatic;
				DEVELOPMENT_ASSET_PATHS = "\"FoodWheel/Preview Content\"";
				DEVELOPMENT_TEAM = A5J8C29B83;
				ENABLE_PREVIEWS = YES;
				INFOPLIST_FILE = FoodWheel/Info.plist;
				LD_RUNPATH_SEARCH_PATHS = (
					"$(inherited)",
					"@executable_path/Frameworks",
				);
				PRODUCT_BUNDLE_IDENTIFIER = eddie.FoodWheel;
				PRODUCT_NAME = "$(TARGET_NAME)";
				SWIFT_VERSION = 5.0;
				TARGETED_DEVICE_FAMILY = "1,2";
			};
			name = Release;
		};
/* End XCBuildConfiguration section */

/* Begin XCConfigurationList section */
		2C012390251162D10045BF79 /* Build configuration list for PBXProject "FoodWheel" */ = {
			isa = XCConfigurationList;
			buildConfigurations = (
				2C0123A7251162D20045BF79 /* Debug */,
				2C0123A8251162D20045BF79 /* Release */,
			);
			defaultConfigurationIsVisible = 0;
			defaultConfigurationName = Release;
		};
		2C0123A9251162D20045BF79 /* Build configuration list for PBXNativeTarget "FoodWheel" */ = {
			isa = XCConfigurationList;
			buildConfigurations = (
				2C0123AA251162D20045BF79 /* Debug */,
				2C0123AB251162D20045BF79 /* Release */,
			);
			defaultConfigurationIsVisible = 0;
			defaultConfigurationName = Release;
		};
/* End XCConfigurationList section */

/* Begin XCRemoteSwiftPackageReference section */
		2CAA076E255CDED800F1C8B4 /* XCRemoteSwiftPackageReference "apollo-ios" */ = {
			isa = XCRemoteSwiftPackageReference;
			repositoryURL = "https://github.com/apollographql/apollo-ios.git";
			requirement = {
				kind = upToNextMajorVersion;
				minimumVersion = 0.36.0;
			};
		};
/* End XCRemoteSwiftPackageReference section */

/* Begin XCSwiftPackageProductDependency section */
		2CAA076F255CDED800F1C8B4 /* Apollo */ = {
			isa = XCSwiftPackageProductDependency;
			package = 2CAA076E255CDED800F1C8B4 /* XCRemoteSwiftPackageReference "apollo-ios" */;
			productName = Apollo;
		};
/* End XCSwiftPackageProductDependency section */
	};
	rootObject = 2C01238D251162D10045BF79 /* Project object */;
}
